{
    "name": "camera",
    "version": "0.0.1",
    "lockfileVersion": 1,
    "requires": true,
    "dependencies": {
        "@edgeros/jsre-medias": {
            "version": "1.0.1",
            "resolved": "https://registry.nlark.com/@edgeros/jsre-medias/download/@edgeros/jsre-medias-1.0.1.tgz",
            "integrity": "sha1-yCiJJNrfyDBFCeGLqg/5XlUI3qc=",
            "requires": {
                "@edgeros/jsre-onvif": "~1"
            }
        },
        "@edgeros/jsre-onvif": {
            "version": "1.0.0",
            "resolved": "https://registry.nlark.com/@edgeros/jsre-onvif/download/@edgeros/jsre-onvif-1.0.0.tgz",
            "integrity": "sha1-vMNWXPwuBOyRA8CkvQ2ANk9twpI="
        }
    }
}
